// !$*UTF8*$!
{
	archiveVersion = 1;
	classes = {
	};
	objectVersion = 48;
	objects = {

/* Begin PBXBuildFile section */
		D3EC8E2A20260E9800FF6C41 /* AppDelegate.swift in Sources */ = {isa = PBXBuildFile; fileRef = D3EC8E2920260E9800FF6C41 /* AppDelegate.swift */; };
		D3EC8E3120260E9800FF6C41 /* Assets.xcassets in Resources */ = {isa = PBXBuildFile; fileRef = D3EC8E3020260E9800FF6C41 /* Assets.xcassets */; };
		D3EC8E3420260E9800FF6C41 /* LaunchScreen.storyboard in Resources */ = {isa = PBXBuildFile; fileRef = D3EC8E3220260E9800FF6C41 /* LaunchScreen.storyboard */; };
		D3EC8E3F20260E9900FF6C41 /* TestVCTests.swift in Sources */ = {isa = PBXBuildFile; fileRef = D3EC8E3E20260E9900FF6C41 /* TestVCTests.swift */; };
		D3EC8E4A20260EC700FF6C41 /* CommonViewController.swift in Sources */ = {isa = PBXBuildFile; fileRef = D3EC8E4920260EC700FF6C41 /* CommonViewController.swift */; };
		D3EC8E4C2026121500FF6C41 /* TableViewDataSourceProtocol.swift in Sources */ = {isa = PBXBuildFile; fileRef = D3EC8E4B2026121500FF6C41 /* TableViewDataSourceProtocol.swift */; };
/* End PBXBuildFile section */

/* Begin PBXContainerItemProxy section */
		D3EC8E3B20260E9900FF6C41 /* PBXContainerItemProxy */ = {
			isa = PBXContainerItemProxy;
			containerPortal = D3EC8E1E20260E9800FF6C41 /* Project object */;
			proxyType = 1;
			remoteGlobalIDString = D3EC8E2520260E9800FF6C41;
			remoteInfo = TestVC;
		};
/* End PBXContainerItemProxy section */

/* Begin PBXFileReference section */
		D3EC8E2620260E9800FF6C41 /* TestVC.app */ = {isa = PBXFileReference; explicitFileType = wrapper.application; includeInIndex = 0; path = TestVC.app; sourceTree = BUILT_PRODUCTS_DIR; };
		D3EC8E2920260E9800FF6C41 /* AppDelegate.swift */ = {isa = PBXFileReference; lastKnownFileType = sourcecode.swift; path = AppDelegate.swift; sourceTree = "<group>"; };
		D3EC8E3020260E9800FF6C41 /* Assets.xcassets */ = {isa = PBXFileReference; lastKnownFileType = folder.assetcatalog; path = Assets.xcassets; sourceTree = "<group>"; };
		D3EC8E3320260E9800FF6C41 /* Base */ = {isa = PBXFileReference; lastKnownFileType = file.storyboard; name = Base; path = Base.lproj/LaunchScreen.storyboard; sourceTree = "<group>"; };
		D3EC8E3520260E9800FF6C41 /* Info.plist */ = {isa = PBXFileReference; lastKnownFileType = text.plist.xml; path = Info.plist; sourceTree = "<group>"; };
		D3EC8E3A20260E9900FF6C41 /* TestVCTests.xctest */ = {isa = PBXFileReference; explicitFileType = wrapper.cfbundle; includeInIndex = 0; path = TestVCTests.xctest; sourceTree = BUILT_PRODUCTS_DIR; };
		D3EC8E3E20260E9900FF6C41 /* TestVCTests.swift */ = {isa = PBXFileReference; lastKnownFileType = sourcecode.swift; path = TestVCTests.swift; sourceTree = "<group>"; };
		D3EC8E4020260E9900FF6C41 /* Info.plist */ = {isa = PBXFileReference; lastKnownFileType = text.plist.xml; path = Info.plist; sourceTree = "<group>"; };
		D3EC8E4920260EC700FF6C41 /* CommonViewController.swift */ = {isa = PBXFileReference; lastKnownFileType = sourcecode.swift; path = CommonViewController.swift; sourceTree = "<group>"; };
		D3EC8E4B2026121500FF6C41 /* TableViewDataSourceProtocol.swift */ = {isa = PBXFileReference; lastKnownFileType = sourcecode.swift; path = TableViewDataSourceProtocol.swift; sourceTree = "<group>"; };
/* End PBXFileReference section */

/* Begin PBXFrameworksBuildPhase section */
		D3EC8E2320260E9800FF6C41 /* Frameworks */ = {
			isa = PBXFrameworksBuildPhase;
			buildActionMask = 2147483647;
			files = (
			);
			runOnlyForDeploymentPostprocessing = 0;
		};
		D3EC8E3720260E9900FF6C41 /* Frameworks */ = {
			isa = PBXFrameworksBuildPhase;
			buildActionMask = 2147483647;
			files = (
			);
			runOnlyForDeploymentPostprocessing = 0;
		};
/* End PBXFrameworksBuildPhase section */

/* Begin PBXGroup section */
		D3EC8E1D20260E9800FF6C41 = {
			isa = PBXGroup;
			children = (
				D3EC8E2820260E9800FF6C41 /* TestVC */,
				D3EC8E3D20260E9900FF6C41 /* TestVCTests */,
				D3EC8E2720260E9800FF6C41 /* Products */,
			);
			sourceTree = "<group>";
		};
		D3EC8E2720260E9800FF6C41 /* Products */ = {
			isa = PBXGroup;
			children = (
				D3EC8E2620260E9800FF6C41 /* TestVC.app */,
				D3EC8E3A20260E9900FF6C41 /* TestVCTests.xctest */,
			);
			name = Products;
			sourceTree = "<group>";
		};
		D3EC8E2820260E9800FF6C41 /* TestVC */ = {
			isa = PBXGroup;
			children = (
				D3EC8E2920260E9800FF6C41 /* AppDelegate.swift */,
				D3EC8E4920260EC700FF6C41 /* CommonViewController.swift */,
				D3EC8E4B2026121500FF6C41 /* TableViewDataSourceProtocol.swift */,
				D3EC8E3020260E9800FF6C41 /* Assets.xcassets */,
				D3EC8E3220260E9800FF6C41 /* LaunchScreen.storyboard */,
				D3EC8E3520260E9800FF6C41 /* Info.plist */,
			);
			path = TestVC;
			sourceTree = "<group>";
		};
		D3EC8E3D20260E9900FF6C41 /* TestVCTests */ = {
			isa = PBXGroup;
			children = (
				D3EC8E3E20260E9900FF6C41 /* TestVCTests.swift */,
				D3EC8E4020260E9900FF6C41 /* Info.plist */,
			);
			path = TestVCTests;
			sourceTree = "<group>";
		};
/* End PBXGroup section */

/* Begin PBXNativeTarget section */
		D3EC8E2520260E9800FF6C41 /* TestVC */ = {
			isa = PBXNativeTarget;
			buildConfigurationList = D3EC8E4320260E9900FF6C41 /* Build configuration list for PBXNativeTarget "TestVC" */;
			buildPhases = (
				D3EC8E2220260E9800FF6C41 /* Sources */,
				D3EC8E2320260E9800FF6C41 /* Frameworks */,
				D3EC8E2420260E9800FF6C41 /* Resources */,
			);
			buildRules = (
			);
			dependencies = (
			);
			name = TestVC;
			productName = TestVC;
			productReference = D3EC8E2620260E9800FF6C41 /* TestVC.app */;
			productType = "com.apple.product-type.application";
		};
		D3EC8E3920260E9900FF6C41 /* TestVCTests */ = {
			isa = PBXNativeTarget;
			buildConfigurationList = D3EC8E4620260E9900FF6C41 /* Build configuration list for PBXNativeTarget "TestVCTests" */;
			buildPhases = (
				D3EC8E3620260E9900FF6C41 /* Sources */,
				D3EC8E3720260E9900FF6C41 /* Frameworks */,
				D3EC8E3820260E9900FF6C41 /* Resources */,
			);
			buildRules = (
			);
			dependencies = (
				D3EC8E3C20260E9900FF6C41 /* PBXTargetDependency */,
			);
			name = TestVCTests;
			productName = TestVCTests;
			productReference = D3EC8E3A20260E9900FF6C41 /* TestVCTests.xctest */;
			productType = "com.apple.product-type.bundle.unit-test";
		};
/* End PBXNativeTarget section */

/* Begin PBXProject section */
		D3EC8E1E20260E9800FF6C41 /* Project object */ = {
			isa = PBXProject;
			attributes = {
				LastSwiftUpdateCheck = 0920;
				LastUpgradeCheck = 0920;
				ORGANIZATIONNAME = "Raunak Talwar";
				TargetAttributes = {
					D3EC8E2520260E9800FF6C41 = {
						CreatedOnToolsVersion = 9.2;
						ProvisioningStyle = Automatic;
					};
					D3EC8E3920260E9900FF6C41 = {
						CreatedOnToolsVersion = 9.2;
						ProvisioningStyle = Automatic;
						TestTargetID = D3EC8E2520260E9800FF6C41;
					};
				};
			};
			buildConfigurationList = D3EC8E2120260E9800FF6C41 /* Build configuration list for PBXProject "TestVC" */;
			compatibilityVersion = "Xcode 8.0";
			developmentRegion = en;
			hasScannedForEncodings = 0;
			knownRegions = (
				en,
				Base,
			);
			mainGroup = D3EC8E1D20260E9800FF6C41;
			productRefGroup = D3EC8E2720260E9800FF6C41 /* Products */;
			projectDirPath = "";
			projectRoot = "";
			targets = (
				D3EC8E2520260E9800FF6C41 /* TestVC */,
				D3EC8E3920260E9900FF6C41 /* TestVCTests */,
			);
		};
/* End PBXProject section */

/* Begin PBXResourcesBuildPhase section */
		D3EC8E2420260E9800FF6C41 /* Resources */ = {
			isa = PBXResourcesBuildPhase;
			buildActionMask = 2147483647;
			files = (
				D3EC8E3420260E9800FF6C41 /* LaunchScreen.storyboard in Resources */,
				D3EC8E3120260E9800FF6C41 /* Assets.xcassets in Resources */,
			);
			runOnlyForDeploymentPostprocessing = 0;
		};
		D3EC8E3820260E9900FF6C41 /* Resources */ = {
			isa = PBXResourcesBuildPhase;
			buildActionMask = 2147483647;
			files = (
			);
			runOnlyForDeploymentPostprocessing = 0;
		};
/* End PBXResourcesBuildPhase section */

/* Begin PBXSourcesBuildPhase section */
		D3EC8E2220260E9800FF6C41 /* Sources */ = {
			isa = PBXSourcesBuildPhase;
			buildActionMask = 2147483647;
			files = (
				D3EC8E4A20260EC700FF6C41 /* CommonViewController.swift in Sources */,
				D3EC8E2A20260E9800FF6C41 /* AppDelegate.swift in Sources */,
				D3EC8E4C2026121500FF6C41 /* TableViewDataSourceProtocol.swift in Sources */,
			);
			runOnlyForDeploymentPostprocessing = 0;
		};
		D3EC8E3620260E9900FF6C41 /* Sources */ = {
			isa = PBXSourcesBuildPhase;
			buildActionMask = 2147483647;
			files = (
				D3EC8E3F20260E9900FF6C41 /* TestVCTests.swift in Sources */,
			);
			runOnlyForDeploymentPostprocessing = 0;
		};
/* End PBXSourcesBuildPhase section */

/* Begin PBXTargetDependency section */
		D3EC8E3C20260E9900FF6C41 /* PBXTargetDependency */ = {
			isa = PBXTargetDependency;
			target = D3EC8E2520260E9800FF6C41 /* TestVC */;
			targetProxy = D3EC8E3B20260E9900FF6C41 /* PBXContainerItemProxy */;
		};
/* End PBXTargetDependency section */

/* Begin PBXVariantGroup section */
		D3EC8E3220260E9800FF6C41 /* LaunchScreen.storyboard */ = {
			isa = PBXVariantGroup;
			children = (
				D3EC8E3320260E9800FF6C41 /* Base */,
			);
			name = LaunchScreen.storyboard;
			sourceTree = "<group>";
		};
/* End PBXVariantGroup section */

/* Begin XCBuildConfiguration section */
		D3EC8E4120260E9900FF6C41 /* Debug */ = {
			isa = XCBuildConfiguration;
			buildSettings = {
				ALWAYS_SEARCH_USER_PATHS = NO;
				CLANG_ANALYZER_NONNULL = YES;
				CLANG_ANALYZER_NUMBER_OBJECT_CONVERSION = YES_AGGRESSIVE;
				CLANG_CXX_LANGUAGE_STANDARD = "gnu++14";
				CLANG_CXX_LIBRARY = "libc++";
				CLANG_ENABLE_MODULES = YES;
				CLANG_ENABLE_OBJC_ARC = YES;
				CLANG_WARN_BLOCK_CAPTURE_AUTORELEASING = YES;
				CLANG_WARN_BOOL_CONVERSION = YES;
				CLANG_WARN_COMMA = YES;
				CLANG_WARN_CONSTANT_CONVERSION = YES;
				CLANG_WARN_DIRECT_OBJC_ISA_USAGE = YES_ERROR;
				CLANG_WARN_DOCUMENTATION_COMMENTS = YES;
				CLANG_WARN_EMPTY_BODY = YES;
				CLANG_WARN_ENUM_CONVERSION = YES;
				CLANG_WARN_INFINITE_RECURSION = YES;
				CLANG_WARN_INT_CONVERSION = YES;
				CLANG_WARN_NON_LITERAL_NULL_CONVERSION = YES;
				CLANG_WARN_OBJC_LITERAL_CONVERSION = YES;
				CLANG_WARN_OBJC_ROOT_CLASS = YES_ERROR;
				CLANG_WARN_RANGE_LOOP_ANALYSIS = YES;
				CLANG_WARN_STRICT_PROTOTYPES = YES;
				CLANG_WARN_SUSPICIOUS_MOVE = YES;
				CLANG_WARN_UNGUARDED_AVAILABILITY = YES_AGGRESSIVE;
				CLANG_WARN_UNREACHABLE_CODE = YES;
				CLANG_WARN__DUPLICATE_METHOD_MATCH = YES;
				CODE_SIGN_IDENTITY = "iPhone Developer";
				COPY_PHASE_STRIP = NO;
				DEBUG_INFORMATION_FORMAT = dwarf;
				ENABLE_STRICT_OBJC_MSGSEND = YES;
				ENABLE_TESTABILITY = YES;
				GCC_C_LANGUAGE_STANDARD = gnu11;
				GCC_DYNAMIC_NO_PIC = NO;
				GCC_NO_COMMON_BLOCKS = YES;
				GCC_OPTIMIZATION_LEVEL = 0;
				GCC_PREPROCESSOR_DEFINITIONS = (
					"DEBUG=1",
					"$(inherited)",
				);
				GCC_WARN_64_TO_32_BIT_CONVERSION = YES;
				GCC_WARN_ABOUT_RETURN_TYPE = YES_ERROR;
				GCC_WARN_UNDECLARED_SELECTOR = YES;
				GCC_WARN_UNINITIALIZED_AUTOS = YES_AGGRESSIVE;
				GCC_WARN_UNUSED_FUNCTION = YES;
				GCC_WARN_UNUSED_VARIABLE = YES;
				IPHONEOS_DEPLOYMENT_TARGET = 11.2;
				MTL_ENABLE_DEBUG_INFO = YES;
				ONLY_ACTIVE_ARCH = YES;
				SDKROOT = iphoneos;
				SWIFT_ACTIVE_COMPILATION_CONDITIONS = DEBUG;
				SWIFT_OPTIMIZATION_LEVEL = "-Onone";
			};
			name = Debug;
		};
		D3EC8E4220260E9900FF6C41 /* Release */ = {
			isa = XCBuildConfiguration;
			buildSettings = {
				ALWAYS_SEARCH_USER_PATHS = NO;
				CLANG_ANALYZER_NONNULL = YES;
				CLANG_ANALYZER_NUMBER_OBJECT_CONVERSION = YES_AGGRESSIVE;
				CLANG_CXX_LANGUAGE_STANDARD = "gnu++14";
				CLANG_CXX_LIBRARY = "libc++";
				CLANG_ENABLE_MODULES = YES;
				CLANG_ENABLE_OBJC_ARC = YES;
				CLANG_WARN_BLOCK_CAPTURE_AUTORELEASING = YES;
				CLANG_WARN_BOOL_CONVERSION = YES;
				CLANG_WARN_COMMA = YES;
				CLANG_WARN_CONSTANT_CONVERSION = YES;
				CLANG_WARN_DIRECT_OBJC_ISA_USAGE = YES_ERROR;
				CLANG_WARN_DOCUMENTATION_COMMENTS = YES;
				CLANG_WARN_EMPTY_BODY = YES;
				CLANG_WARN_ENUM_CONVERSION = YES;
				CLANG_WARN_INFINITE_RECURSION = YES;
				CLANG_WARN_INT_CONVERSION = YES;
				CLANG_WARN_NON_LITERAL_NULL_CONVERSION = YES;
				CLANG_WARN_OBJC_LITERAL_CONVERSION = YES;
				CLANG_WARN_OBJC_ROOT_CLASS = YES_ERROR;
				CLANG_WARN_RANGE_LOOP_ANALYSIS = YES;
				CLANG_WARN_STRICT_PROTOTYPES = YES;
				CLANG_WARN_SUSPICIOUS_MOVE = YES;
				CLANG_WARN_UNGUARDED_AVAILABILITY = YES_AGGRESSIVE;
				CLANG_WARN_UNREACHABLE_CODE = YES;
				CLANG_WARN__DUPLICATE_METHOD_MATCH = YES;
				CODE_SIGN_IDENTITY = "iPhone Developer";
				COPY_PHASE_STRIP = NO;
				DEBUG_INFORMATION_FORMAT = "dwarf-with-dsym";
				ENABLE_NS_ASSERTIONS = NO;
				ENABLE_STRICT_OBJC_MSGSEND = YES;
				GCC_C_LANGUAGE_STANDARD = gnu11;
				GCC_NO_COMMON_BLOCKS = YES;
				GCC_WARN_64_TO_32_BIT_CONVERSION = YES;
				GCC_WARN_ABOUT_RETURN_TYPE = YES_ERROR;
				GCC_WARN_UNDECLARED_SELECTOR = YES;
				GCC_WARN_UNINITIALIZED_AUTOS = YES_AGGRESSIVE;
				GCC_WARN_UNUSED_FUNCTION = YES;
				GCC_WARN_UNUSED_VARIABLE = YES;
				IPHONEOS_DEPLOYMENT_TARGET = 11.2;
				MTL_ENABLE_DEBUG_INFO = NO;
				SDKROOT = iphoneos;
				SWIFT_OPTIMIZATION_LEVEL = "-Owholemodule";
				VALIDATE_PRODUCT = YES;
			};
			name = Release;
		};
		D3EC8E4420260E9900FF6C41 /* Debug */ = {
			isa = XCBuildConfiguration;
			buildSettings = {
				ASSETCATALOG_COMPILER_APPICON_NAME = AppIcon;
				CODE_SIGN_STYLE = Automatic;
				INFOPLIST_FILE = TestVC/Info.plist;
				LD_RUNPATH_SEARCH_PATHS = "$(inherited) @executable_path/Frameworks";
				PRODUCT_BUNDLE_IDENTIFIER = com.raunak.TestVC;
				PRODUCT_NAME = "$(TARGET_NAME)";
				SWIFT_VERSION = 4.0;
				TARGETED_DEVICE_FAMILY = "1,2";
			};
			name = Debug;
		};
		D3EC8E4520260E9900FF6C41 /* Release */ = {
			isa = XCBuildConfiguration;
			buildSettings = {
				ASSETCATALOG_COMPILER_APPICON_NAME = AppIcon;
				CODE_SIGN_STYLE = Automatic;
				INFOPLIST_FILE = TestVC/Info.plist;
				LD_RUNPATH_SEARCH_PATHS = "$(inherited) @executable_path/Frameworks";
				PRODUCT_BUNDLE_IDENTIFIER = com.raunak.TestVC;
				PRODUCT_NAME = "$(TARGET_NAME)";
				SWIFT_VERSION = 4.0;
				TARGETED_DEVICE_FAMILY = "1,2";
			};
			name = Release;
		};
		D3EC8E4720260E9900FF6C41 /* Debug */ = {
			isa = XCBuildConfiguration;
			buildSettings = {
				ALWAYS_EMBED_SWIFT_STANDARD_LIBRARIES = YES;
				BUNDLE_LOADER = "$(TEST_HOST)";
				CODE_SIGN_STYLE = Automatic;
				INFOPLIST_FILE = TestVCTests/Info.plist;
				LD_RUNPATH_SEARCH_PATHS = "$(inherited) @executable_path/Frameworks @loader_path/Frameworks";
				PRODUCT_BUNDLE_IDENTIFIER = com.raunak.TestVCTests;
				PRODUCT_NAME = "$(TARGET_NAME)";
				SWIFT_VERSION = 4.0;
				TARGETED_DEVICE_FAMILY = "1,2";
				TEST_HOST = "$(BUILT_PRODUCTS_DIR)/TestVC.app/TestVC";
			};
			name = Debug;
		};
		D3EC8E4820260E9900FF6C41 /* Release */ = {
			isa = XCBuildConfiguration;
			buildSettings = {
				ALWAYS_EMBED_SWIFT_STANDARD_LIBRARIES = YES;
				BUNDLE_LOADER = "$(TEST_HOST)";
				CODE_SIGN_STYLE = Automatic;
				INFOPLIST_FILE = TestVCTests/Info.plist;
				LD_RUNPATH_SEARCH_PATHS = "$(inherited) @executable_path/Frameworks @loader_path/Frameworks";
				PRODUCT_BUNDLE_IDENTIFIER = com.raunak.TestVCTests;
				PRODUCT_NAME = "$(TARGET_NAME)";
				SWIFT_VERSION = 4.0;
				TARGETED_DEVICE_FAMILY = "1,2";
				TEST_HOST = "$(BUILT_PRODUCTS_DIR)/TestVC.app/TestVC";
			};
			name = Release;
		};
/* End XCBuildConfiguration section */

/* Begin XCConfigurationList section */
		D3EC8E2120260E9800FF6C41 /* Build configuration list for PBXProject "TestVC" */ = {
			isa = XCConfigurationList;
			buildConfigurations = (
				D3EC8E4120260E9900FF6C41 /* Debug */,
				D3EC8E4220260E9900FF6C41 /* Release */,
			);
			defaultConfigurationIsVisible = 0;
			defaultConfigurationName = Release;
		};
		D3EC8E4320260E9900FF6C41 /* Build configuration list for PBXNativeTarget "TestVC" */ = {
			isa = XCConfigurationList;
			buildConfigurations = (
				D3EC8E4420260E9900FF6C41 /* Debug */,
				D3EC8E4520260E9900FF6C41 /* Release */,
			);
			defaultConfigurationIsVisible = 0;
			defaultConfigurationName = Release;
		};
		D3EC8E4620260E9900FF6C41 /* Build configuration list for PBXNativeTarget "TestVCTests" */ = {
			isa = XCConfigurationList;
			buildConfigurations = (
				D3EC8E4720260E9900FF6C41 /* Debug */,
				D3EC8E4820260E9900FF6C41 /* Release */,
			);
			defaultConfigurationIsVisible = 0;
			defaultConfigurationName = Release;
		};
/* End XCConfigurationList section */
	};
	rootObject = D3EC8E1E20260E9800FF6C41 /* Project object */;
}
